<?xml version="1.0" encoding="utf-8"?>
<Project ToolsVersion="4.0" xmlns="http://schemas.microsoft.com/developer/msbuild/2003">
  <ItemGroup>
    <ClCompile Include="..\Classes\Interface.cpp" />
    <ClCompile Include="..\Classes\MainMenuScene.cpp" />
    <ClCompile Include="..\Classes\src\Battle.cpp" />
    <ClCompile Include="..\Classes\src\Database.cpp" />
    <ClCompile Include="..\Classes\src\Enemy.cpp" />
    <ClCompile Include="..\Classes\src\Entity.cpp" />
    <ClCompile Include="..\Classes\src\Gear.cpp" />
    <ClCompile Include="..\Classes\src\Player.cpp" />
    <ClCompile Include="..\Classes\src\RaidMenuScene.cpp" />
    <ClCompile Include="..\Classes\src\TitleScreen.cpp" />
    <ClCompile Include="Z:\Classes\AppDelegate.cpp" />
    <ClCompile Include="Z:\Classes\BattleScene.cpp" />
    <ClCompile Include="Z:\Classes\MainScene.cpp" />
    <ClCompile Include="Z:\proj.win32\main.cpp" />
    <ClCompile Include="Z:\cocos2d\cocos\precheader.cpp" />
  </ItemGroup>
  <ItemGroup>
    <ClInclude Include="..\Classes\BattleScene.h" />
    <ClInclude Include="..\Classes\include\Battle.h" />
    <ClInclude Include="..\Classes\include\Database.h" />
    <ClInclude Include="..\Classes\include\Enemy.h" />
    <ClInclude Include="..\Classes\include\Entity.h" />
    <ClInclude Include="..\Classes\include\Gear.h" />
    <ClInclude Include="..\Classes\include\Player.h" />
    <ClInclude Include="..\Classes\include\RaidMenuScene.h" />
    <ClInclude Include="..\Classes\include\TitleScreen.h" />
    <ClInclude Include="..\Classes\Interface.h" />
    <ClInclude Include="..\Classes\MainMenuScene.h" />
    <ClInclude Include="Z:\Classes\AppDelegate.h" />
    <ClInclude Include="Z:\Classes\MainScene.h" />
    <ClInclude Include="Z:\proj.win32\main.h" />
    <ClInclude Include="Z:\proj.win32\resource.h" />
    <ClInclude Include="Z:\Resources\CloseNormal.png" />
    <ClInclude Include="Z:\Resources\CloseSelected.png" />
    <ClInclude Include="Z:\Resources\HelloWorld.png" />
    <ClInclude Include="Z:\Resources\fonts\Marker Felt.ttf" />
    <ClInclude Include="Z:\Resources\fonts\arial.ttf" />
    <ClInclude Include="Z:\Resources\res\.gitkeep" />
  </ItemGroup>
  <ItemGroup>
    <CustomBuild Include="Z:\CMakeLists.txt" />
  </ItemGroup>
  <ItemGroup>
    <ResourceCompile Include="Z:\proj.win32\game.rc" />
  </ItemGroup>
  <ItemGroup>
    <Image Include="..\Resources\Rectangle.png" />
    <Image Include="..\Resources\return.png" />
    <Image Include="bin\10th-fantasy\Debug\Resources\BattleScene.png" />
  </ItemGroup>
</Project>