<?xml version="1.0" encoding="utf-8"?>
<Project ToolsVersion="4.0" xmlns="http://schemas.microsoft.com/developer/msbuild/2003">
  <ItemGroup>
    <ClCompile Include="Z:\proj.win32\main.cpp" />
    <ClCompile Include="Z:\cocos2d\cocos\precheader.cpp" />
    <ClCompile Include="..\Classes\src\Battle.cpp">
      <Filter>Classes</Filter>
    </ClCompile>
    <ClCompile Include="..\Classes\src\Enemy.cpp">
      <Filter>Classes</Filter>
    </ClCompile>
    <ClCompile Include="..\Classes\src\Entity.cpp">
      <Filter>Classes</Filter>
    </ClCompile>
    <ClCompile Include="Z:\Classes\BattleScene.cpp">
      <Filter>Classes\Scenes</Filter>
    </ClCompile>
    <ClCompile Include="..\Classes\src\Gear.cpp">
      <Filter>Classes</Filter>
    </ClCompile>
    <ClCompile Include="..\Classes\Interface.cpp">
      <Filter>Classes</Filter>
    </ClCompile>
    <ClCompile Include="..\Classes\MainMenuScene.cpp">
      <Filter>Classes\Scenes</Filter>
    </ClCompile>
    <ClCompile Include="Z:\Classes\MainScene.cpp">
      <Filter>Classes\Scenes</Filter>
    </ClCompile>
    <ClCompile Include="..\Classes\src\RaidMenuScene.cpp">
      <Filter>Classes\Scenes</Filter>
    </ClCompile>
    <ClCompile Include="..\Classes\src\Player.cpp">
      <Filter>Classes</Filter>
    </ClCompile>
    <ClCompile Include="..\Classes\SummonMenuScene.cpp">
      <Filter>Classes\Scenes</Filter>
    </ClCompile>
    <ClCompile Include="..\Classes\src\TitleScreen.cpp">
      <Filter>Classes\Scenes</Filter>
    </ClCompile>
    <ClCompile Include="Z:\Classes\AppDelegate.cpp">
      <Filter>Classes</Filter>
    </ClCompile>
    <ClCompile Include="..\Classes\src\RaidBoss.cpp">
      <Filter>Classes</Filter>
    </ClCompile>
    <ClCompile Include="..\Classes\src\RaidBossBetala.cpp">
      <Filter>Classes</Filter>
    </ClCompile>
    <ClCompile Include="..\Classes\src\Skill.cpp">
      <Filter>Classes</Filter>
    </ClCompile>
    <ClCompile Include="..\Classes\src\SkillSlash.cpp">
      <Filter>Classes</Filter>
    </ClCompile>
    <ClCompile Include="..\Classes\src\SkillSwordJudgement.cpp">
      <Filter>Classes</Filter>
    </ClCompile>
    <ClCompile Include="..\Classes\src\Sword.cpp">
      <Filter>Classes</Filter>
    </ClCompile>
    <ClCompile Include="..\Classes\src\Weapon.cpp">
      <Filter>Classes</Filter>
    </ClCompile>
    <ClCompile Include="..\Classes\src\ShopMenu.cpp">
      <Filter>Classes\Scenes</Filter>
    </ClCompile>
    <ClCompile Include="..\Classes\src\RaidBossLaiJande.cpp">
      <Filter>Classes</Filter>
    </ClCompile>
    <ClCompile Include="..\Classes\src\RaidBossShaDo.cpp">
      <Filter>Classes</Filter>
    </ClCompile>
    <ClCompile Include="..\Classes\src\Support.cpp">
      <Filter>Classes</Filter>
    </ClCompile>
    <ClCompile Include="..\Classes\RaidBossLootScene.cpp">
      <Filter>Classes\Scenes</Filter>
    </ClCompile>
    <ClCompile Include="Z:\Classes\src\PlayerManager.cpp" />
    <ClCompile Include="..\Classes\src\CharacterMenu.cpp">
      <Filter>Classes\Scenes</Filter>
    </ClCompile>
    <ClCompile Include="..\Classes\src\GameManager.cpp">
      <Filter>Classes\Managers</Filter>
    </ClCompile>
    <ClCompile Include="..\Classes\src\PlayerManager.cpp">
      <Filter>Classes\Managers</Filter>
    </ClCompile>
    <ClCompile Include="..\Classes\src\Database.cpp">
      <Filter>Classes\Managers</Filter>
    </ClCompile>
    <ClCompile Include="..\Classes\PlayFabClientSDK\HttpRequest.cpp">
      <Filter>Classes\PlayFab</Filter>
    </ClCompile>
    <ClCompile Include="..\Classes\PlayFabClientSDK\HttpRequesterCURL.cpp">
      <Filter>Classes\PlayFab</Filter>
    </ClCompile>
    <ClCompile Include="..\Classes\PlayFabClientSDK\PlayFabAuthenticationAPI.cpp">
      <Filter>Classes\PlayFab</Filter>
    </ClCompile>
    <ClCompile Include="..\Classes\PlayFabClientSDK\PlayFabAuthenticationDataModels.cpp">
      <Filter>Classes\PlayFab</Filter>
    </ClCompile>
    <ClCompile Include="..\Classes\PlayFabClientSDK\PlayFabBaseModel.cpp">
      <Filter>Classes\PlayFab</Filter>
    </ClCompile>
    <ClCompile Include="..\Classes\PlayFabClientSDK\PlayFabClientAPI.cpp">
      <Filter>Classes\PlayFab</Filter>
    </ClCompile>
    <ClCompile Include="..\Classes\PlayFabClientSDK\PlayFabClientDataModels.cpp">
      <Filter>Classes\PlayFab</Filter>
    </ClCompile>
    <ClCompile Include="..\Classes\PlayFabClientSDK\PlayFabCloudScriptAPI.cpp">
      <Filter>Classes\PlayFab</Filter>
    </ClCompile>
    <ClCompile Include="..\Classes\PlayFabClientSDK\PlayFabCloudScriptDataModels.cpp">
      <Filter>Classes\PlayFab</Filter>
    </ClCompile>
    <ClCompile Include="..\Classes\PlayFabClientSDK\PlayFabDataAPI.cpp">
      <Filter>Classes\PlayFab</Filter>
    </ClCompile>
    <ClCompile Include="..\Classes\PlayFabClientSDK\PlayFabDataDataModels.cpp">
      <Filter>Classes\PlayFab</Filter>
    </ClCompile>
    <ClCompile Include="..\Classes\PlayFabClientSDK\PlayFabExperimentationAPI.cpp">
      <Filter>Classes\PlayFab</Filter>
    </ClCompile>
    <ClCompile Include="..\Classes\PlayFabClientSDK\PlayFabExperimentationDataModels.cpp">
      <Filter>Classes\PlayFab</Filter>
    </ClCompile>
    <ClCompile Include="..\Classes\PlayFabClientSDK\PlayFabGroupsAPI.cpp">
      <Filter>Classes\PlayFab</Filter>
    </ClCompile>
    <ClCompile Include="..\Classes\PlayFabClientSDK\PlayFabGroupsDataModels.cpp">
      <Filter>Classes\PlayFab</Filter>
    </ClCompile>
    <ClCompile Include="..\Classes\PlayFabClientSDK\PlayFabInsightsAPI.cpp">
      <Filter>Classes\PlayFab</Filter>
    </ClCompile>
    <ClCompile Include="..\Classes\PlayFabClientSDK\PlayFabInsightsDataModels.cpp">
      <Filter>Classes\PlayFab</Filter>
    </ClCompile>
    <ClCompile Include="..\Classes\PlayFabClientSDK\PlayFabLocalizationAPI.cpp">
      <Filter>Classes\PlayFab</Filter>
    </ClCompile>
    <ClCompile Include="..\Classes\PlayFabClientSDK\PlayFabLocalizationDataModels.cpp">
      <Filter>Classes\PlayFab</Filter>
    </ClCompile>
    <ClCompile Include="..\Classes\PlayFabClientSDK\PlayFabMultiplayerAPI.cpp">
      <Filter>Classes\PlayFab</Filter>
    </ClCompile>
    <ClCompile Include="..\Classes\PlayFabClientSDK\PlayFabMultiplayerDataModels.cpp">
      <Filter>Classes\PlayFab</Filter>
    </ClCompile>
    <ClCompile Include="..\Classes\PlayFabClientSDK\PlayFabProfilesAPI.cpp">
      <Filter>Classes\PlayFab</Filter>
    </ClCompile>
    <ClCompile Include="..\Classes\PlayFabClientSDK\PlayFabProfilesDataModels.cpp">
      <Filter>Classes\PlayFab</Filter>
    </ClCompile>
    <ClCompile Include="..\Classes\PlayFabClientSDK\PlayFabResultHandler.cpp">
      <Filter>Classes\PlayFab</Filter>
    </ClCompile>
    <ClCompile Include="..\Classes\PlayFabClientSDK\PlayFabSettings.cpp">
      <Filter>Classes\PlayFab</Filter>
    </ClCompile>
  </ItemGroup>
  <ItemGroup>
    <ClInclude Include="Z:\proj.win32\main.h" />
    <ClInclude Include="Z:\proj.win32\resource.h" />
    <ClInclude Include="..\Classes\include\Battle.h">
      <Filter>Classes</Filter>
    </ClInclude>
    <ClInclude Include="..\Classes\include\Enemy.h">
      <Filter>Classes</Filter>
    </ClInclude>
    <ClInclude Include="..\Classes\include\Entity.h">
      <Filter>Classes</Filter>
    </ClInclude>
    <ClInclude Include="..\Classes\BattleScene.h">
      <Filter>Classes\Scenes</Filter>
    </ClInclude>
    <ClInclude Include="..\Classes\include\Gear.h">
      <Filter>Classes</Filter>
    </ClInclude>
    <ClInclude Include="..\Classes\Interface.h">
      <Filter>Classes</Filter>
    </ClInclude>
    <ClInclude Include="..\Classes\MainMenuScene.h">
      <Filter>Classes\Scenes</Filter>
    </ClInclude>
    <ClInclude Include="Z:\Classes\MainScene.h">
      <Filter>Classes\Scenes</Filter>
    </ClInclude>
    <ClInclude Include="Z:\Resources\fonts\arial.ttf">
      <Filter>Resources</Filter>
    </ClInclude>
    <ClInclude Include="Z:\Resources\CloseNormal.png">
      <Filter>Resources</Filter>
    </ClInclude>
    <ClInclude Include="Z:\Resources\CloseSelected.png">
      <Filter>Resources</Filter>
    </ClInclude>
    <ClInclude Include="Z:\Resources\HelloWorld.png">
      <Filter>Resources</Filter>
    </ClInclude>
    <ClInclude Include="Z:\Resources\fonts\Marker Felt.ttf">
      <Filter>Resources</Filter>
    </ClInclude>
    <ClInclude Include="..\Classes\include\RaidMenuScene.h">
      <Filter>Classes\Scenes</Filter>
    </ClInclude>
    <ClInclude Include="..\Classes\include\Player.h">
      <Filter>Classes</Filter>
    </ClInclude>
    <ClInclude Include="..\Classes\SummonMenuScene.h">
      <Filter>Classes\Scenes</Filter>
    </ClInclude>
    <ClInclude Include="..\Classes\include\TitleScreen.h">
      <Filter>Classes\Scenes</Filter>
    </ClInclude>
    <ClInclude Include="Z:\Classes\AppDelegate.h">
      <Filter>Classes</Filter>
    </ClInclude>
    <ClInclude Include="..\Classes\include\RaidBoss.h">
      <Filter>Classes</Filter>
    </ClInclude>
    <ClInclude Include="..\Classes\include\RaidBossBetala.h">
      <Filter>Classes</Filter>
    </ClInclude>
    <ClInclude Include="..\Classes\include\Skill.h">
      <Filter>Classes</Filter>
    </ClInclude>
    <ClInclude Include="..\Classes\include\SkillSlash.h">
      <Filter>Classes</Filter>
    </ClInclude>
    <ClInclude Include="..\Classes\include\SkillSwordJudgement.h">
      <Filter>Classes</Filter>
    </ClInclude>
    <ClInclude Include="..\Classes\include\Sword.h">
      <Filter>Classes</Filter>
    </ClInclude>
    <ClInclude Include="..\Classes\include\Weapon.h">
      <Filter>Classes</Filter>
    </ClInclude>
    <ClInclude Include="..\Classes\include\RaidBossLaiJande.h">
      <Filter>Classes</Filter>
    </ClInclude>
    <ClInclude Include="..\Classes\include\RaidBossShaDo.h">
      <Filter>Classes</Filter>
    </ClInclude>
    <ClInclude Include="..\Classes\include\Support.h">
      <Filter>Classes</Filter>
    </ClInclude>
    <ClInclude Include="..\Classes\RaidBossLootScene.h">
      <Filter>Classes\Scenes</Filter>
    </ClInclude>
    <ClInclude Include="Z:\Classes\include\PlayerManager.h" />
    <ClInclude Include="..\Classes\include\CharacterMenu.h">
      <Filter>Classes\Scenes</Filter>
    </ClInclude>
    <ClInclude Include="..\Classes\include\GameManager.h">
      <Filter>Classes\Managers</Filter>
    </ClInclude>
    <ClInclude Include="..\Classes\include\PlayerManager.h">
      <Filter>Classes\Managers</Filter>
    </ClInclude>
    <ClInclude Include="..\Classes\include\Database.h">
      <Filter>Classes\Managers</Filter>
    </ClInclude>
    <ClInclude Include="..\Classes\include\ShopMenu.h">
      <Filter>Classes\Scenes</Filter>
    </ClInclude>
    <ClInclude Include="..\Classes\PlayFabClientSDK\HttpRequest.h">
      <Filter>Classes\PlayFab</Filter>
    </ClInclude>
    <ClInclude Include="..\Classes\PlayFabClientSDK\HttpRequesterCURL.h">
      <Filter>Classes\PlayFab</Filter>
    </ClInclude>
    <ClInclude Include="..\Classes\PlayFabClientSDK\IHttpRequester.h">
      <Filter>Classes\PlayFab</Filter>
    </ClInclude>
    <ClInclude Include="..\Classes\PlayFabClientSDK\PlayFabAuthenticationAPI.h">
      <Filter>Classes\PlayFab</Filter>
    </ClInclude>
    <ClInclude Include="..\Classes\PlayFabClientSDK\PlayFabAuthenticationDataModels.h">
      <Filter>Classes\PlayFab</Filter>
    </ClInclude>
    <ClInclude Include="..\Classes\PlayFabClientSDK\PlayFabBaseModel.h">
      <Filter>Classes\PlayFab</Filter>
    </ClInclude>
    <ClInclude Include="..\Classes\PlayFabClientSDK\PlayFabClientAPI.h">
      <Filter>Classes\PlayFab</Filter>
    </ClInclude>
    <ClInclude Include="..\Classes\PlayFabClientSDK\PlayFabClientDataModels.h">
      <Filter>Classes\PlayFab</Filter>
    </ClInclude>
    <ClInclude Include="..\Classes\PlayFabClientSDK\PlayFabCloudScriptAPI.h">
      <Filter>Classes\PlayFab</Filter>
    </ClInclude>
    <ClInclude Include="..\Classes\PlayFabClientSDK\PlayFabCloudScriptDataModels.h">
      <Filter>Classes\PlayFab</Filter>
    </ClInclude>
    <ClInclude Include="..\Classes\PlayFabClientSDK\PlayFabCore.h">
      <Filter>Classes\PlayFab</Filter>
    </ClInclude>
    <ClInclude Include="..\Classes\PlayFabClientSDK\PlayFabDataAPI.h">
      <Filter>Classes\PlayFab</Filter>
    </ClInclude>
    <ClInclude Include="..\Classes\PlayFabClientSDK\PlayFabDataDataModels.h">
      <Filter>Classes\PlayFab</Filter>
    </ClInclude>
    <ClInclude Include="..\Classes\PlayFabClientSDK\PlayFabError.h">
      <Filter>Classes\PlayFab</Filter>
    </ClInclude>
    <ClInclude Include="..\Classes\PlayFabClientSDK\PlayFabExperimentationAPI.h">
      <Filter>Classes\PlayFab</Filter>
    </ClInclude>
    <ClInclude Include="..\Classes\PlayFabClientSDK\PlayFabExperimentationDataModels.h">
      <Filter>Classes\PlayFab</Filter>
    </ClInclude>
    <ClInclude Include="..\Classes\PlayFabClientSDK\PlayFabGroupsAPI.h">
      <Filter>Classes\PlayFab</Filter>
    </ClInclude>
    <ClInclude Include="..\Classes\PlayFabClientSDK\PlayFabGroupsDataModels.h">
      <Filter>Classes\PlayFab</Filter>
    </ClInclude>
    <ClInclude Include="..\Classes\PlayFabClientSDK\PlayFabInsightsAPI.h">
      <Filter>Classes\PlayFab</Filter>
    </ClInclude>
    <ClInclude Include="..\Classes\PlayFabClientSDK\PlayFabInsightsDataModels.h">
      <Filter>Classes\PlayFab</Filter>
    </ClInclude>
    <ClInclude Include="..\Classes\PlayFabClientSDK\PlayFabLocalizationAPI.h">
      <Filter>Classes\PlayFab</Filter>
    </ClInclude>
    <ClInclude Include="..\Classes\PlayFabClientSDK\PlayFabLocalizationDataModels.h">
      <Filter>Classes\PlayFab</Filter>
    </ClInclude>
    <ClInclude Include="..\Classes\PlayFabClientSDK\PlayFabMultiplayerAPI.h">
      <Filter>Classes\PlayFab</Filter>
    </ClInclude>
    <ClInclude Include="..\Classes\PlayFabClientSDK\PlayFabMultiplayerDataModels.h">
      <Filter>Classes\PlayFab</Filter>
    </ClInclude>
    <ClInclude Include="..\Classes\PlayFabClientSDK\PlayFabProfilesAPI.h">
      <Filter>Classes\PlayFab</Filter>
    </ClInclude>
    <ClInclude Include="..\Classes\PlayFabClientSDK\PlayFabProfilesDataModels.h">
      <Filter>Classes\PlayFab</Filter>
    </ClInclude>
    <ClInclude Include="..\Classes\PlayFabClientSDK\PlayFabResultHandler.h">
      <Filter>Classes\PlayFab</Filter>
    </ClInclude>
    <ClInclude Include="..\Classes\PlayFabClientSDK\PlayFabSettings.h">
      <Filter>Classes\PlayFab</Filter>
    </ClInclude>
    <ClInclude Include="..\Classes\PlayFabClientSDK\PlayFabZlib.h">
      <Filter>Classes\PlayFab</Filter>
    </ClInclude>
  </ItemGroup>
  <ItemGroup>
    <CustomBuild Include="Z:\CMakeLists.txt" />
  </ItemGroup>
  <ItemGroup>
    <ResourceCompile Include="Z:\proj.win32\game.rc" />
  </ItemGroup>
  <ItemGroup>
    <Image Include="bin\10th-fantasy\Debug\Resources\BattleScene.png">
      <Filter>Resources</Filter>
    </Image>
    <Image Include="..\Resources\Stuff\boots.png">
      <Filter>Resources</Filter>
    </Image>
    <Image Include="..\Resources\Background\characterbg.png">
      <Filter>Resources</Filter>
    </Image>
    <Image Include="..\Resources\Stuff\chest.png">
      <Filter>Resources</Filter>
    </Image>
    <Image Include="..\Resources\Characters\djeamy.png">
      <Filter>Resources</Filter>
    </Image>
    <Image Include="..\Resources\Stuff\earring.png">
      <Filter>Resources</Filter>
    </Image>
    <Image Include="..\Resources\Characters\elf.png">
      <Filter>Resources</Filter>
    </Image>
    <Image Include="..\Resources\Characters\firemage.png">
      <Filter>Resources</Filter>
    </Image>
    <Image Include="..\Resources\Characters\lheen.png">
      <Filter>Resources</Filter>
    </Image>
    <Image Include="..\Resources\Characters\Hem-Mily.png">
      <Filter>Resources</Filter>
    </Image>
    <Image Include="..\Resources\Stuff\helmet.png">
      <Filter>Resources</Filter>
    </Image>
    <Image Include="..\Resources\Sprite\player.png">
      <Filter>Resources</Filter>
    </Image>
    <Image Include="..\Resources\Button\playbtn.png">
      <Filter>Resources</Filter>
    </Image>
    <Image Include="..\Resources\Stuff\necklace.png">
      <Filter>Resources</Filter>
    </Image>
    <Image Include="..\Resources\return.png">
      <Filter>Resources</Filter>
    </Image>
    <Image Include="..\Resources\Stuff\ring.png">
      <Filter>Resources</Filter>
    </Image>
    <Image Include="..\Resources\Characters\succubus.png">
      <Filter>Resources</Filter>
    </Image>
    <Image Include="..\Resources\Rectangle.png">
      <Filter>Resources</Filter>
    </Image>
    <Image Include="..\Resources\Characters\Theaume.png">
      <Filter>Resources</Filter>
    </Image>
    <Image Include="..\Resources\Characters\Thief.png">
      <Filter>Resources</Filter>
    </Image>
    <Image Include="..\Resources\Characters\Uggoh.png">
      <Filter>Resources</Filter>
    </Image>
    <Image Include="C:\Users\lélé\OneDrive\Bureau\ProjGtech2\GrandProjet\Resources\Button\Shop.png">
      <Filter>Resources</Filter>
    </Image>
    <Image Include="..\Resources\Button\plusbtn.png">
      <Filter>Resources</Filter>
    </Image>
    <Image Include="..\Resources\Button\moinsbtn.png">
      <Filter>Resources</Filter>
    </Image>
  </ItemGroup>
  <ItemGroup>
    <Filter Include="Classes">
      <UniqueIdentifier>{50f758e7-f0aa-44bf-9bff-c2be6862aa8b}</UniqueIdentifier>
    </Filter>
    <Filter Include="Classes\Scenes">
      <UniqueIdentifier>{e8a376e1-8515-461b-88b8-1fc742d6249b}</UniqueIdentifier>
    </Filter>
    <Filter Include="Resources">
      <UniqueIdentifier>{2e4d2d54-88ea-4167-b1e7-2dd6f7b90a4a}</UniqueIdentifier>
    </Filter>
    <Filter Include="Classes\Managers">
      <UniqueIdentifier>{a7746d58-1f66-47c0-84b6-386486f2af50}</UniqueIdentifier>
    </Filter>
    <Filter Include="Classes\PlayFab">
      <UniqueIdentifier>{e0a596d6-0b82-4d76-959f-f9980db8e1cc}</UniqueIdentifier>
    </Filter>
  </ItemGroup>
</Project>