
Microsoft Visual Studio Solution File, Format Version 12.00
# Visual Studio Version 17
Project("{2150E333-8FDC-42A3-9474-1A3956D46DE8}") = "CMakePredefinedTargets", "CMakePredefinedTargets", "{D7F41EE4-4071-3DA7-9538-2AFF80FB2CC3}"
EndProject
Project("{2150E333-8FDC-42A3-9474-1A3956D46DE8}") = "External", "External", "{42D27223-5E16-3D3D-88A8-BEC5F93BBC98}"
EndProject
Project("{2150E333-8FDC-42A3-9474-1A3956D46DE8}") = "Internal", "Internal", "{9FE5CEA6-2055-3A0F-878B-FAC77A070A16}"
EndProject
Project("{8BC9CEB8-8B4A-11D0-8D11-00A0C91BC942}") = "ALL_BUILD", "ALL_BUILD.vcxproj", "{099468BB-DE77-37CB-B7A7-2EA340BC9678}"
	ProjectSection(ProjectDependencies) = postProject
		{BE2514C0-E30A-33E8-821F-152E64372526} = {BE2514C0-E30A-33E8-821F-152E64372526}
		{B11E4833-AF05-35C7-B6FB-04967688D214} = {B11E4833-AF05-35C7-B6FB-04967688D214}
		{8408AC1B-51C8-31AF-AAA9-724BCD0A5B02} = {8408AC1B-51C8-31AF-AAA9-724BCD0A5B02}
		{21C9AB2A-BDC4-3593-9069-3034C35A2D52} = {21C9AB2A-BDC4-3593-9069-3034C35A2D52}
		{E5CE0D3C-31E5-3AA2-8CAA-8200E1135A95} = {E5CE0D3C-31E5-3AA2-8CAA-8200E1135A95}
		{1E906373-4DD4-34C0-8007-A90C3A1A1C08} = {1E906373-4DD4-34C0-8007-A90C3A1A1C08}
		{068A00E9-EF04-3558-840E-D6018C185E6D} = {068A00E9-EF04-3558-840E-D6018C185E6D}
		{357B6D98-2316-36A2-9F7E-BC8A1A31B1EB} = {357B6D98-2316-36A2-9F7E-BC8A1A31B1EB}
		{9F29DC95-1198-3829-BADE-95417AB82078} = {9F29DC95-1198-3829-BADE-95417AB82078}
		{9DB17475-C772-3CED-B024-3F4C59C7E012} = {9DB17475-C772-3CED-B024-3F4C59C7E012}
		{B9F90649-3204-3139-8B58-9DD417307242} = {B9F90649-3204-3139-8B58-9DD417307242}
		{117079F5-53BD-3F65-942A-27A350E31029} = {117079F5-53BD-3F65-942A-27A350E31029}
		{3B902DD8-0C35-3BC3-8C68-7A20FDFFDEF8} = {3B902DD8-0C35-3BC3-8C68-7A20FDFFDEF8}
	EndProjectSection
EndProject
Project("{8BC9CEB8-8B4A-11D0-8D11-00A0C91BC942}") = "ZERO_CHECK", "..\..\..\\ZERO_CHECK.vcxproj", "{BE2514C0-E30A-33E8-821F-152E64372526}"
	ProjectSection(ProjectDependencies) = postProject
	EndProjectSection
EndProject
Project("{8BC9CEB8-8B4A-11D0-8D11-00A0C91BC942}") = "cocos2d", "cocos2d.vcxproj", "{B11E4833-AF05-35C7-B6FB-04967688D214}"
	ProjectSection(ProjectDependencies) = postProject
		{BE2514C0-E30A-33E8-821F-152E64372526} = {BE2514C0-E30A-33E8-821F-152E64372526}
		{8408AC1B-51C8-31AF-AAA9-724BCD0A5B02} = {8408AC1B-51C8-31AF-AAA9-724BCD0A5B02}
		{21C9AB2A-BDC4-3593-9069-3034C35A2D52} = {21C9AB2A-BDC4-3593-9069-3034C35A2D52}
		{E5CE0D3C-31E5-3AA2-8CAA-8200E1135A95} = {E5CE0D3C-31E5-3AA2-8CAA-8200E1135A95}
		{1E906373-4DD4-34C0-8007-A90C3A1A1C08} = {1E906373-4DD4-34C0-8007-A90C3A1A1C08}
		{068A00E9-EF04-3558-840E-D6018C185E6D} = {068A00E9-EF04-3558-840E-D6018C185E6D}
		{357B6D98-2316-36A2-9F7E-BC8A1A31B1EB} = {357B6D98-2316-36A2-9F7E-BC8A1A31B1EB}
		{9F29DC95-1198-3829-BADE-95417AB82078} = {9F29DC95-1198-3829-BADE-95417AB82078}
		{9DB17475-C772-3CED-B024-3F4C59C7E012} = {9DB17475-C772-3CED-B024-3F4C59C7E012}
		{B9F90649-3204-3139-8B58-9DD417307242} = {B9F90649-3204-3139-8B58-9DD417307242}
		{117079F5-53BD-3F65-942A-27A350E31029} = {117079F5-53BD-3F65-942A-27A350E31029}
		{3B902DD8-0C35-3BC3-8C68-7A20FDFFDEF8} = {3B902DD8-0C35-3BC3-8C68-7A20FDFFDEF8}
	EndProjectSection
EndProject
Project("{8BC9CEB8-8B4A-11D0-8D11-00A0C91BC942}") = "ext_clipper", "..\..\external\clipper\ext_clipper.vcxproj", "{8408AC1B-51C8-31AF-AAA9-724BCD0A5B02}"
	ProjectSection(ProjectDependencies) = postProject
		{BE2514C0-E30A-33E8-821F-152E64372526} = {BE2514C0-E30A-33E8-821F-152E64372526}
	EndProjectSection
EndProject
Project("{8BC9CEB8-8B4A-11D0-8D11-00A0C91BC942}") = "ext_convertUTF", "..\..\external\ConvertUTF\ext_convertUTF.vcxproj", "{21C9AB2A-BDC4-3593-9069-3034C35A2D52}"
	ProjectSection(ProjectDependencies) = postProject
		{BE2514C0-E30A-33E8-821F-152E64372526} = {BE2514C0-E30A-33E8-821F-152E64372526}
	EndProjectSection
EndProject
Project("{8BC9CEB8-8B4A-11D0-8D11-00A0C91BC942}") = "ext_edtaa3func", "..\..\external\edtaa3func\ext_edtaa3func.vcxproj", "{E5CE0D3C-31E5-3AA2-8CAA-8200E1135A95}"
	ProjectSection(ProjectDependencies) = postProject
		{BE2514C0-E30A-33E8-821F-152E64372526} = {BE2514C0-E30A-33E8-821F-152E64372526}
	EndProjectSection
EndProject
Project("{8BC9CEB8-8B4A-11D0-8D11-00A0C91BC942}") = "ext_md5", "..\..\external\md5\ext_md5.vcxproj", "{1E906373-4DD4-34C0-8007-A90C3A1A1C08}"
	ProjectSection(ProjectDependencies) = postProject
		{BE2514C0-E30A-33E8-821F-152E64372526} = {BE2514C0-E30A-33E8-821F-152E64372526}
	EndProjectSection
EndProject
Project("{8BC9CEB8-8B4A-11D0-8D11-00A0C91BC942}") = "ext_poly2tri", "..\..\external\poly2tri\ext_poly2tri.vcxproj", "{068A00E9-EF04-3558-840E-D6018C185E6D}"
	ProjectSection(ProjectDependencies) = postProject
		{BE2514C0-E30A-33E8-821F-152E64372526} = {BE2514C0-E30A-33E8-821F-152E64372526}
	EndProjectSection
EndProject
Project("{8BC9CEB8-8B4A-11D0-8D11-00A0C91BC942}") = "ext_recast", "..\..\external\recast\ext_recast.vcxproj", "{357B6D98-2316-36A2-9F7E-BC8A1A31B1EB}"
	ProjectSection(ProjectDependencies) = postProject
		{BE2514C0-E30A-33E8-821F-152E64372526} = {BE2514C0-E30A-33E8-821F-152E64372526}
	EndProjectSection
EndProject
Project("{8BC9CEB8-8B4A-11D0-8D11-00A0C91BC942}") = "ext_tinyxml2", "..\..\external\tinyxml2\ext_tinyxml2.vcxproj", "{9F29DC95-1198-3829-BADE-95417AB82078}"
	ProjectSection(ProjectDependencies) = postProject
		{BE2514C0-E30A-33E8-821F-152E64372526} = {BE2514C0-E30A-33E8-821F-152E64372526}
	EndProjectSection
EndProject
Project("{8BC9CEB8-8B4A-11D0-8D11-00A0C91BC942}") = "ext_unzip", "..\..\external\unzip\ext_unzip.vcxproj", "{9DB17475-C772-3CED-B024-3F4C59C7E012}"
	ProjectSection(ProjectDependencies) = postProject
		{BE2514C0-E30A-33E8-821F-152E64372526} = {BE2514C0-E30A-33E8-821F-152E64372526}
	EndProjectSection
EndProject
Project("{8BC9CEB8-8B4A-11D0-8D11-00A0C91BC942}") = "ext_xxhash", "..\..\external\xxhash\ext_xxhash.vcxproj", "{B9F90649-3204-3139-8B58-9DD417307242}"
	ProjectSection(ProjectDependencies) = postProject
		{BE2514C0-E30A-33E8-821F-152E64372526} = {BE2514C0-E30A-33E8-821F-152E64372526}
	EndProjectSection
EndProject
Project("{8BC9CEB8-8B4A-11D0-8D11-00A0C91BC942}") = "ext_xxtea", "..\..\external\xxtea\ext_xxtea.vcxproj", "{117079F5-53BD-3F65-942A-27A350E31029}"
	ProjectSection(ProjectDependencies) = postProject
		{BE2514C0-E30A-33E8-821F-152E64372526} = {BE2514C0-E30A-33E8-821F-152E64372526}
	EndProjectSection
EndProject
Project("{8BC9CEB8-8B4A-11D0-8D11-00A0C91BC942}") = "external", "..\..\external\external.vcxproj", "{3B902DD8-0C35-3BC3-8C68-7A20FDFFDEF8}"
	ProjectSection(ProjectDependencies) = postProject
		{BE2514C0-E30A-33E8-821F-152E64372526} = {BE2514C0-E30A-33E8-821F-152E64372526}
		{8408AC1B-51C8-31AF-AAA9-724BCD0A5B02} = {8408AC1B-51C8-31AF-AAA9-724BCD0A5B02}
		{21C9AB2A-BDC4-3593-9069-3034C35A2D52} = {21C9AB2A-BDC4-3593-9069-3034C35A2D52}
		{E5CE0D3C-31E5-3AA2-8CAA-8200E1135A95} = {E5CE0D3C-31E5-3AA2-8CAA-8200E1135A95}
		{1E906373-4DD4-34C0-8007-A90C3A1A1C08} = {1E906373-4DD4-34C0-8007-A90C3A1A1C08}
		{068A00E9-EF04-3558-840E-D6018C185E6D} = {068A00E9-EF04-3558-840E-D6018C185E6D}
		{357B6D98-2316-36A2-9F7E-BC8A1A31B1EB} = {357B6D98-2316-36A2-9F7E-BC8A1A31B1EB}
		{9F29DC95-1198-3829-BADE-95417AB82078} = {9F29DC95-1198-3829-BADE-95417AB82078}
		{9DB17475-C772-3CED-B024-3F4C59C7E012} = {9DB17475-C772-3CED-B024-3F4C59C7E012}
		{B9F90649-3204-3139-8B58-9DD417307242} = {B9F90649-3204-3139-8B58-9DD417307242}
		{117079F5-53BD-3F65-942A-27A350E31029} = {117079F5-53BD-3F65-942A-27A350E31029}
	EndProjectSection
EndProject
Global
	GlobalSection(SolutionConfigurationPlatforms) = preSolution
		Debug|Win32 = Debug|Win32
		Release|Win32 = Release|Win32
		MinSizeRel|Win32 = MinSizeRel|Win32
		RelWithDebInfo|Win32 = RelWithDebInfo|Win32
	EndGlobalSection
	GlobalSection(ProjectConfigurationPlatforms) = postSolution
		{099468BB-DE77-37CB-B7A7-2EA340BC9678}.Debug|Win32.ActiveCfg = Debug|Win32
		{099468BB-DE77-37CB-B7A7-2EA340BC9678}.Release|Win32.ActiveCfg = Release|Win32
		{099468BB-DE77-37CB-B7A7-2EA340BC9678}.MinSizeRel|Win32.ActiveCfg = MinSizeRel|Win32
		{099468BB-DE77-37CB-B7A7-2EA340BC9678}.RelWithDebInfo|Win32.ActiveCfg = RelWithDebInfo|Win32
		{BE2514C0-E30A-33E8-821F-152E64372526}.Debug|Win32.ActiveCfg = Debug|Win32
		{BE2514C0-E30A-33E8-821F-152E64372526}.Debug|Win32.Build.0 = Debug|Win32
		{BE2514C0-E30A-33E8-821F-152E64372526}.Release|Win32.ActiveCfg = Release|Win32
		{BE2514C0-E30A-33E8-821F-152E64372526}.Release|Win32.Build.0 = Release|Win32
		{BE2514C0-E30A-33E8-821F-152E64372526}.MinSizeRel|Win32.ActiveCfg = MinSizeRel|Win32
		{BE2514C0-E30A-33E8-821F-152E64372526}.MinSizeRel|Win32.Build.0 = MinSizeRel|Win32
		{BE2514C0-E30A-33E8-821F-152E64372526}.RelWithDebInfo|Win32.ActiveCfg = RelWithDebInfo|Win32
		{BE2514C0-E30A-33E8-821F-152E64372526}.RelWithDebInfo|Win32.Build.0 = RelWithDebInfo|Win32
		{B11E4833-AF05-35C7-B6FB-04967688D214}.Debug|Win32.ActiveCfg = Debug|Win32
		{B11E4833-AF05-35C7-B6FB-04967688D214}.Debug|Win32.Build.0 = Debug|Win32
		{B11E4833-AF05-35C7-B6FB-04967688D214}.Release|Win32.ActiveCfg = Release|Win32
		{B11E4833-AF05-35C7-B6FB-04967688D214}.Release|Win32.Build.0 = Release|Win32
		{B11E4833-AF05-35C7-B6FB-04967688D214}.MinSizeRel|Win32.ActiveCfg = MinSizeRel|Win32
		{B11E4833-AF05-35C7-B6FB-04967688D214}.MinSizeRel|Win32.Build.0 = MinSizeRel|Win32
		{B11E4833-AF05-35C7-B6FB-04967688D214}.RelWithDebInfo|Win32.ActiveCfg = RelWithDebInfo|Win32
		{B11E4833-AF05-35C7-B6FB-04967688D214}.RelWithDebInfo|Win32.Build.0 = RelWithDebInfo|Win32
		{8408AC1B-51C8-31AF-AAA9-724BCD0A5B02}.Debug|Win32.ActiveCfg = Debug|Win32
		{8408AC1B-51C8-31AF-AAA9-724BCD0A5B02}.Debug|Win32.Build.0 = Debug|Win32
		{8408AC1B-51C8-31AF-AAA9-724BCD0A5B02}.Release|Win32.ActiveCfg = Release|Win32
		{8408AC1B-51C8-31AF-AAA9-724BCD0A5B02}.Release|Win32.Build.0 = Release|Win32
		{8408AC1B-51C8-31AF-AAA9-724BCD0A5B02}.MinSizeRel|Win32.ActiveCfg = MinSizeRel|Win32
		{8408AC1B-51C8-31AF-AAA9-724BCD0A5B02}.MinSizeRel|Win32.Build.0 = MinSizeRel|Win32
		{8408AC1B-51C8-31AF-AAA9-724BCD0A5B02}.RelWithDebInfo|Win32.ActiveCfg = RelWithDebInfo|Win32
		{8408AC1B-51C8-31AF-AAA9-724BCD0A5B02}.RelWithDebInfo|Win32.Build.0 = RelWithDebInfo|Win32
		{21C9AB2A-BDC4-3593-9069-3034C35A2D52}.Debug|Win32.ActiveCfg = Debug|Win32
		{21C9AB2A-BDC4-3593-9069-3034C35A2D52}.Debug|Win32.Build.0 = Debug|Win32
		{21C9AB2A-BDC4-3593-9069-3034C35A2D52}.Release|Win32.ActiveCfg = Release|Win32
		{21C9AB2A-BDC4-3593-9069-3034C35A2D52}.Release|Win32.Build.0 = Release|Win32
		{21C9AB2A-BDC4-3593-9069-3034C35A2D52}.MinSizeRel|Win32.ActiveCfg = MinSizeRel|Win32
		{21C9AB2A-BDC4-3593-9069-3034C35A2D52}.MinSizeRel|Win32.Build.0 = MinSizeRel|Win32
		{21C9AB2A-BDC4-3593-9069-3034C35A2D52}.RelWithDebInfo|Win32.ActiveCfg = RelWithDebInfo|Win32
		{21C9AB2A-BDC4-3593-9069-3034C35A2D52}.RelWithDebInfo|Win32.Build.0 = RelWithDebInfo|Win32
		{E5CE0D3C-31E5-3AA2-8CAA-8200E1135A95}.Debug|Win32.ActiveCfg = Debug|Win32
		{E5CE0D3C-31E5-3AA2-8CAA-8200E1135A95}.Debug|Win32.Build.0 = Debug|Win32
		{E5CE0D3C-31E5-3AA2-8CAA-8200E1135A95}.Release|Win32.ActiveCfg = Release|Win32
		{E5CE0D3C-31E5-3AA2-8CAA-8200E1135A95}.Release|Win32.Build.0 = Release|Win32
		{E5CE0D3C-31E5-3AA2-8CAA-8200E1135A95}.MinSizeRel|Win32.ActiveCfg = MinSizeRel|Win32
		{E5CE0D3C-31E5-3AA2-8CAA-8200E1135A95}.MinSizeRel|Win32.Build.0 = MinSizeRel|Win32
		{E5CE0D3C-31E5-3AA2-8CAA-8200E1135A95}.RelWithDebInfo|Win32.ActiveCfg = RelWithDebInfo|Win32
		{E5CE0D3C-31E5-3AA2-8CAA-8200E1135A95}.RelWithDebInfo|Win32.Build.0 = RelWithDebInfo|Win32
		{1E906373-4DD4-34C0-8007-A90C3A1A1C08}.Debug|Win32.ActiveCfg = Debug|Win32
		{1E906373-4DD4-34C0-8007-A90C3A1A1C08}.Debug|Win32.Build.0 = Debug|Win32
		{1E906373-4DD4-34C0-8007-A90C3A1A1C08}.Release|Win32.ActiveCfg = Release|Win32
		{1E906373-4DD4-34C0-8007-A90C3A1A1C08}.Release|Win32.Build.0 = Release|Win32
		{1E906373-4DD4-34C0-8007-A90C3A1A1C08}.MinSizeRel|Win32.ActiveCfg = MinSizeRel|Win32
		{1E906373-4DD4-34C0-8007-A90C3A1A1C08}.MinSizeRel|Win32.Build.0 = MinSizeRel|Win32
		{1E906373-4DD4-34C0-8007-A90C3A1A1C08}.RelWithDebInfo|Win32.ActiveCfg = RelWithDebInfo|Win32
		{1E906373-4DD4-34C0-8007-A90C3A1A1C08}.RelWithDebInfo|Win32.Build.0 = RelWithDebInfo|Win32
		{068A00E9-EF04-3558-840E-D6018C185E6D}.Debug|Win32.ActiveCfg = Debug|Win32
		{068A00E9-EF04-3558-840E-D6018C185E6D}.Debug|Win32.Build.0 = Debug|Win32
		{068A00E9-EF04-3558-840E-D6018C185E6D}.Release|Win32.ActiveCfg = Release|Win32
		{068A00E9-EF04-3558-840E-D6018C185E6D}.Release|Win32.Build.0 = Release|Win32
		{068A00E9-EF04-3558-840E-D6018C185E6D}.MinSizeRel|Win32.ActiveCfg = MinSizeRel|Win32
		{068A00E9-EF04-3558-840E-D6018C185E6D}.MinSizeRel|Win32.Build.0 = MinSizeRel|Win32
		{068A00E9-EF04-3558-840E-D6018C185E6D}.RelWithDebInfo|Win32.ActiveCfg = RelWithDebInfo|Win32
		{068A00E9-EF04-3558-840E-D6018C185E6D}.RelWithDebInfo|Win32.Build.0 = RelWithDebInfo|Win32
		{357B6D98-2316-36A2-9F7E-BC8A1A31B1EB}.Debug|Win32.ActiveCfg = Debug|Win32
		{357B6D98-2316-36A2-9F7E-BC8A1A31B1EB}.Debug|Win32.Build.0 = Debug|Win32
		{357B6D98-2316-36A2-9F7E-BC8A1A31B1EB}.Release|Win32.ActiveCfg = Release|Win32
		{357B6D98-2316-36A2-9F7E-BC8A1A31B1EB}.Release|Win32.Build.0 = Release|Win32
		{357B6D98-2316-36A2-9F7E-BC8A1A31B1EB}.MinSizeRel|Win32.ActiveCfg = MinSizeRel|Win32
		{357B6D98-2316-36A2-9F7E-BC8A1A31B1EB}.MinSizeRel|Win32.Build.0 = MinSizeRel|Win32
		{357B6D98-2316-36A2-9F7E-BC8A1A31B1EB}.RelWithDebInfo|Win32.ActiveCfg = RelWithDebInfo|Win32
		{357B6D98-2316-36A2-9F7E-BC8A1A31B1EB}.RelWithDebInfo|Win32.Build.0 = RelWithDebInfo|Win32
		{9F29DC95-1198-3829-BADE-95417AB82078}.Debug|Win32.ActiveCfg = Debug|Win32
		{9F29DC95-1198-3829-BADE-95417AB82078}.Debug|Win32.Build.0 = Debug|Win32
		{9F29DC95-1198-3829-BADE-95417AB82078}.Release|Win32.ActiveCfg = Release|Win32
		{9F29DC95-1198-3829-BADE-95417AB82078}.Release|Win32.Build.0 = Release|Win32
		{9F29DC95-1198-3829-BADE-95417AB82078}.MinSizeRel|Win32.ActiveCfg = MinSizeRel|Win32
		{9F29DC95-1198-3829-BADE-95417AB82078}.MinSizeRel|Win32.Build.0 = MinSizeRel|Win32
		{9F29DC95-1198-3829-BADE-95417AB82078}.RelWithDebInfo|Win32.ActiveCfg = RelWithDebInfo|Win32
		{9F29DC95-1198-3829-BADE-95417AB82078}.RelWithDebInfo|Win32.Build.0 = RelWithDebInfo|Win32
		{9DB17475-C772-3CED-B024-3F4C59C7E012}.Debug|Win32.ActiveCfg = Debug|Win32
		{9DB17475-C772-3CED-B024-3F4C59C7E012}.Debug|Win32.Build.0 = Debug|Win32
		{9DB17475-C772-3CED-B024-3F4C59C7E012}.Release|Win32.ActiveCfg = Release|Win32
		{9DB17475-C772-3CED-B024-3F4C59C7E012}.Release|Win32.Build.0 = Release|Win32
		{9DB17475-C772-3CED-B024-3F4C59C7E012}.MinSizeRel|Win32.ActiveCfg = MinSizeRel|Win32
		{9DB17475-C772-3CED-B024-3F4C59C7E012}.MinSizeRel|Win32.Build.0 = MinSizeRel|Win32
		{9DB17475-C772-3CED-B024-3F4C59C7E012}.RelWithDebInfo|Win32.ActiveCfg = RelWithDebInfo|Win32
		{9DB17475-C772-3CED-B024-3F4C59C7E012}.RelWithDebInfo|Win32.Build.0 = RelWithDebInfo|Win32
		{B9F90649-3204-3139-8B58-9DD417307242}.Debug|Win32.ActiveCfg = Debug|Win32
		{B9F90649-3204-3139-8B58-9DD417307242}.Debug|Win32.Build.0 = Debug|Win32
		{B9F90649-3204-3139-8B58-9DD417307242}.Release|Win32.ActiveCfg = Release|Win32
		{B9F90649-3204-3139-8B58-9DD417307242}.Release|Win32.Build.0 = Release|Win32
		{B9F90649-3204-3139-8B58-9DD417307242}.MinSizeRel|Win32.ActiveCfg = MinSizeRel|Win32
		{B9F90649-3204-3139-8B58-9DD417307242}.MinSizeRel|Win32.Build.0 = MinSizeRel|Win32
		{B9F90649-3204-3139-8B58-9DD417307242}.RelWithDebInfo|Win32.ActiveCfg = RelWithDebInfo|Win32
		{B9F90649-3204-3139-8B58-9DD417307242}.RelWithDebInfo|Win32.Build.0 = RelWithDebInfo|Win32
		{117079F5-53BD-3F65-942A-27A350E31029}.Debug|Win32.ActiveCfg = Debug|Win32
		{117079F5-53BD-3F65-942A-27A350E31029}.Debug|Win32.Build.0 = Debug|Win32
		{117079F5-53BD-3F65-942A-27A350E31029}.Release|Win32.ActiveCfg = Release|Win32
		{117079F5-53BD-3F65-942A-27A350E31029}.Release|Win32.Build.0 = Release|Win32
		{117079F5-53BD-3F65-942A-27A350E31029}.MinSizeRel|Win32.ActiveCfg = MinSizeRel|Win32
		{117079F5-53BD-3F65-942A-27A350E31029}.MinSizeRel|Win32.Build.0 = MinSizeRel|Win32
		{117079F5-53BD-3F65-942A-27A350E31029}.RelWithDebInfo|Win32.ActiveCfg = RelWithDebInfo|Win32
		{117079F5-53BD-3F65-942A-27A350E31029}.RelWithDebInfo|Win32.Build.0 = RelWithDebInfo|Win32
		{3B902DD8-0C35-3BC3-8C68-7A20FDFFDEF8}.Debug|Win32.ActiveCfg = Debug|Win32
		{3B902DD8-0C35-3BC3-8C68-7A20FDFFDEF8}.Debug|Win32.Build.0 = Debug|Win32
		{3B902DD8-0C35-3BC3-8C68-7A20FDFFDEF8}.Release|Win32.ActiveCfg = Release|Win32
		{3B902DD8-0C35-3BC3-8C68-7A20FDFFDEF8}.Release|Win32.Build.0 = Release|Win32
		{3B902DD8-0C35-3BC3-8C68-7A20FDFFDEF8}.MinSizeRel|Win32.ActiveCfg = MinSizeRel|Win32
		{3B902DD8-0C35-3BC3-8C68-7A20FDFFDEF8}.MinSizeRel|Win32.Build.0 = MinSizeRel|Win32
		{3B902DD8-0C35-3BC3-8C68-7A20FDFFDEF8}.RelWithDebInfo|Win32.ActiveCfg = RelWithDebInfo|Win32
		{3B902DD8-0C35-3BC3-8C68-7A20FDFFDEF8}.RelWithDebInfo|Win32.Build.0 = RelWithDebInfo|Win32
	EndGlobalSection
	GlobalSection(NestedProjects) = preSolution
		{099468BB-DE77-37CB-B7A7-2EA340BC9678} = {D7F41EE4-4071-3DA7-9538-2AFF80FB2CC3}
		{BE2514C0-E30A-33E8-821F-152E64372526} = {D7F41EE4-4071-3DA7-9538-2AFF80FB2CC3}
		{8408AC1B-51C8-31AF-AAA9-724BCD0A5B02} = {42D27223-5E16-3D3D-88A8-BEC5F93BBC98}
		{21C9AB2A-BDC4-3593-9069-3034C35A2D52} = {42D27223-5E16-3D3D-88A8-BEC5F93BBC98}
		{E5CE0D3C-31E5-3AA2-8CAA-8200E1135A95} = {42D27223-5E16-3D3D-88A8-BEC5F93BBC98}
		{1E906373-4DD4-34C0-8007-A90C3A1A1C08} = {42D27223-5E16-3D3D-88A8-BEC5F93BBC98}
		{068A00E9-EF04-3558-840E-D6018C185E6D} = {42D27223-5E16-3D3D-88A8-BEC5F93BBC98}
		{357B6D98-2316-36A2-9F7E-BC8A1A31B1EB} = {42D27223-5E16-3D3D-88A8-BEC5F93BBC98}
		{9F29DC95-1198-3829-BADE-95417AB82078} = {42D27223-5E16-3D3D-88A8-BEC5F93BBC98}
		{9DB17475-C772-3CED-B024-3F4C59C7E012} = {42D27223-5E16-3D3D-88A8-BEC5F93BBC98}
		{B9F90649-3204-3139-8B58-9DD417307242} = {42D27223-5E16-3D3D-88A8-BEC5F93BBC98}
		{117079F5-53BD-3F65-942A-27A350E31029} = {42D27223-5E16-3D3D-88A8-BEC5F93BBC98}
		{3B902DD8-0C35-3BC3-8C68-7A20FDFFDEF8} = {42D27223-5E16-3D3D-88A8-BEC5F93BBC98}
		{B11E4833-AF05-35C7-B6FB-04967688D214} = {9FE5CEA6-2055-3A0F-878B-FAC77A070A16}
	EndGlobalSection
	GlobalSection(ExtensibilityGlobals) = postSolution
		SolutionGuid = {2BDBA4D0-F8F4-3695-A421-8F85E666141F}
	EndGlobalSection
	GlobalSection(ExtensibilityAddIns) = postSolution
	EndGlobalSection
EndGlobal
